
Microsoft Visual Studio Solution File, Format Version 12.00
# Visual Studio 2013
VisualStudioVersion = 12.0.31101.0
MinimumVisualStudioVersion = 10.0.40219.1
Project("{E24C65DC-7377-472B-9ABA-BC803B73C61A}") = "MeridianOrders", "http://localhost:56961", "{FAA6AE60-EE14-4441-A35E-7CCEBF60DDDF}"
	ProjectSection(WebsiteProperties) = preProject
		UseIISExpress = "true"
		TargetFrameworkMoniker = ".NETFramework,Version%3Dv4.0"
		Debug.AspNetCompiler.VirtualPath = "/localhost_56961"
		Debug.AspNetCompiler.PhysicalPath = "F:\InetPub\wwwroot\Mer\MeridianOrders\"
		Debug.AspNetCompiler.TargetPath = "PrecompiledWeb\localhost_56961\"
		Debug.AspNetCompiler.Updateable = "true"
		Debug.AspNetCompiler.ForceOverwrite = "true"
		Debug.AspNetCompiler.FixedNames = "false"
		Debug.AspNetCompiler.Debug = "True"
		Release.AspNetCompiler.VirtualPath = "/localhost_56961"
		Release.AspNetCompiler.PhysicalPath = "F:\InetPub\wwwroot\Mer\MeridianOrders\"
		Release.AspNetCompiler.TargetPath = "PrecompiledWeb\localhost_56961\"
		Release.AspNetCompiler.Updateable = "true"
		Release.AspNetCompiler.ForceOverwrite = "true"
		Release.AspNetCompiler.FixedNames = "false"
		Release.AspNetCompiler.Debug = "False"
		SlnRelativePath = "F:\InetPub\wwwroot\Mer\MeridianOrders\"
	EndProjectSection
EndProject
Global
	GlobalSection(SolutionConfigurationPlatforms) = preSolution
		Debug|Any CPU = Debug|Any CPU
	EndGlobalSection
	GlobalSection(ProjectConfigurationPlatforms) = postSolution
		{FAA6AE60-EE14-4441-A35E-7CCEBF60DDDF}.Debug|Any CPU.ActiveCfg = Debug|Any CPU
		{FAA6AE60-EE14-4441-A35E-7CCEBF60DDDF}.Debug|Any CPU.Build.0 = Debug|Any CPU
	EndGlobalSection
	GlobalSection(SolutionProperties) = preSolution
		HideSolutionNode = FALSE
	EndGlobalSection
EndGlobal
